
Microsoft Visual Studio Solution File, Format Version 12.00
# Visual Studio 15
VisualStudioVersion = 15.0.27130.2020
MinimumVisualStudioVersion = 10.0.40219.1
Project("{9A19103F-16F7-4668-BE54-9A1E7A4F7556}") = "DatingAPP.API", "DatingAPP.API.csproj", "{0D05203D-5070-4C26-BF41-28B669ED0AFB}"
EndProject
Global
	GlobalSection(SolutionConfigurationPlatforms) = preSolution
		Debug|Any CPU = Debug|Any CPU
		Release|Any CPU = Release|Any CPU
	EndGlobalSection
	GlobalSection(ProjectConfigurationPlatforms) = postSolution
		{0D05203D-5070-4C26-BF41-28B669ED0AFB}.Debug|Any CPU.ActiveCfg = Debug|Any CPU
		{0D05203D-5070-4C26-BF41-28B669ED0AFB}.Debug|Any CPU.Build.0 = Debug|Any CPU
		{0D05203D-5070-4C26-BF41-28B669ED0AFB}.Release|Any CPU.ActiveCfg = Release|Any CPU
		{0D05203D-5070-4C26-BF41-28B669ED0AFB}.Release|Any CPU.Build.0 = Release|Any CPU
	EndGlobalSection
	GlobalSection(SolutionProperties) = preSolution
		HideSolutionNode = FALSE
	EndGlobalSection
	GlobalSection(ExtensibilityGlobals) = postSolution
		SolutionGuid = {628CDAD0-2807-432C-A21A-F872A31629B7}
	EndGlobalSection
EndGlobal
